{
  "name": "shadcn-local",
  "version": "0.1.0",
  "lockfileVersion": 3,
  "requires": true,
  "packages": {
    "": {
      "name": "shadcn-local",
      "version": "0.1.0",
      "license": "MIT",
      "bin": {
        "shadcn": "bin/shadcn"
      },
      "engines": {
        "node": ">=18"
      }
    }
  }
}
